// !$*UTF8*$!
{
	archiveVersion = 1;
	classes = {
	};
	objectVersion = 48;
	objects = {

/* Begin PBXBuildFile section */
		0D96C334393FDF0C64B1536B /* Pods_FooPls.framework in Frameworks */ = {isa = PBXBuildFile; fileRef = 54D5D224DE83084B71301F9F /* Pods_FooPls.framework */; };
		230ED26B1FD92D270054914A /* Login.storyboard in Resources */ = {isa = PBXBuildFile; fileRef = 230ED26A1FD92D260054914A /* Login.storyboard */; };
		230ED26C1FD931C80054914A /* CustomTextField.swift in Sources */ = {isa = PBXBuildFile; fileRef = 2335CAB51FCF1C9500AF06F0 /* CustomTextField.swift */; };
		231BA7BF1FD0203E00EF2B69 /* Main.storyboard in Resources */ = {isa = PBXBuildFile; fileRef = 231BA7BE1FD0203E00EF2B69 /* Main.storyboard */; };
		231EC1B31FD5155800A0DD19 /* CustomButton.swift in Sources */ = {isa = PBXBuildFile; fileRef = 231EC1B21FD5155800A0DD19 /* CustomButton.swift */; };
		231F59CC1FDAC2EA00580D69 /* RAMAnimatedTabBarController.swift in Sources */ = {isa = PBXBuildFile; fileRef = 231F59BD1FDAC2EA00580D69 /* RAMAnimatedTabBarController.swift */; };
		231F59CD1FDAC2EA00580D69 /* RAMBadge.swift in Sources */ = {isa = PBXBuildFile; fileRef = 231F59BF1FDAC2EA00580D69 /* RAMBadge.swift */; };
		231F59CE1FDAC2EA00580D69 /* RAMItemAnimationProtocol.swift in Sources */ = {isa = PBXBuildFile; fileRef = 231F59C01FDAC2EA00580D69 /* RAMItemAnimationProtocol.swift */; };
		231F59CF1FDAC2EA00580D69 /* RAMFumeAnimation.swift in Sources */ = {isa = PBXBuildFile; fileRef = 231F59C31FDAC2EA00580D69 /* RAMFumeAnimation.swift */; };
		231F59D01FDAC2EA00580D69 /* RAMFrameItemAnimation.swift in Sources */ = {isa = PBXBuildFile; fileRef = 231F59C51FDAC2EA00580D69 /* RAMFrameItemAnimation.swift */; };
		231F59D11FDAC2EA00580D69 /* RAMTransitionItemAnimations.swift in Sources */ = {isa = PBXBuildFile; fileRef = 231F59C71FDAC2EA00580D69 /* RAMTransitionItemAnimations.swift */; };
		231F59D21FDAC2EA00580D69 /* RAMRotationAnimation.swift in Sources */ = {isa = PBXBuildFile; fileRef = 231F59C91FDAC2EA00580D69 /* RAMRotationAnimation.swift */; };
		231F59D31FDAC2EA00580D69 /* RAMBounceAnimation.swift in Sources */ = {isa = PBXBuildFile; fileRef = 231F59CB1FDAC2EA00580D69 /* RAMBounceAnimation.swift */; };
		231F59D51FDC137800580D69 /* TJSettings.storyboard in Resources */ = {isa = PBXBuildFile; fileRef = 231F59D41FDC137800580D69 /* TJSettings.storyboard */; };
		231F59D71FDC146400580D69 /* TJProfile.storyboard in Resources */ = {isa = PBXBuildFile; fileRef = 231F59D61FDC146400580D69 /* TJProfile.storyboard */; };
		2328AB891FCE9FB5004B75C0 /* Splash.storyboard in Resources */ = {isa = PBXBuildFile; fileRef = 2328AB881FCE9FB5004B75C0 /* Splash.storyboard */; };
		2328AB8C1FCE9FFC004B75C0 /* SplashViewController.swift in Sources */ = {isa = PBXBuildFile; fileRef = 2328AB8B1FCE9FFC004B75C0 /* SplashViewController.swift */; };
		2328AB901FCEAC6A004B75C0 /* KakaoOpenSDK.framework in Frameworks */ = {isa = PBXBuildFile; fileRef = 2328AB8F1FCEAC69004B75C0 /* KakaoOpenSDK.framework */; };
		232D49F01FDE3F850094DA1A /* MenuCell.xib in Resources */ = {isa = PBXBuildFile; fileRef = 232D49EF1FDE3F850094DA1A /* MenuCell.xib */; };
		232D49F21FDE3FBA0094DA1A /* FocusView.xib in Resources */ = {isa = PBXBuildFile; fileRef = 232D49F11FDE3FBA0094DA1A /* FocusView.xib */; };
		232D49F41FDE3FE50094DA1A /* TJProfileViewController.swift in Sources */ = {isa = PBXBuildFile; fileRef = 232D49F31FDE3FE50094DA1A /* TJProfileViewController.swift */; };
		232D49F61FDE40950094DA1A /* MenuCell.swift in Sources */ = {isa = PBXBuildFile; fileRef = 232D49F51FDE40950094DA1A /* MenuCell.swift */; };
		232D49F81FDE4C8F0094DA1A /* TJTempViewController.swift in Sources */ = {isa = PBXBuildFile; fileRef = 232D49F71FDE4C8F0094DA1A /* TJTempViewController.swift */; };
		232D49FA1FDE507C0094DA1A /* TJTemp.storyboard in Resources */ = {isa = PBXBuildFile; fileRef = 232D49F91FDE507C0094DA1A /* TJTemp.storyboard */; };
		232D49FC1FDE704F0094DA1A /* MyPostingCell.swift in Sources */ = {isa = PBXBuildFile; fileRef = 232D49FB1FDE704F0094DA1A /* MyPostingCell.swift */; };
		233773D31FD68D52006C28F0 /* JTAppleCalendar.framework in Frameworks */ = {isa = PBXBuildFile; fileRef = 233773D41FD68D52006C28F0 /* JTAppleCalendar.framework */; };
		233773DC1FD69715006C28F0 /* CalendarCell.swift in Sources */ = {isa = PBXBuildFile; fileRef = 233773DB1FD69715006C28F0 /* CalendarCell.swift */; };
		233773E01FD6D80E006C28F0 /* NewWrite.storyboard in Resources */ = {isa = PBXBuildFile; fileRef = 233773DF1FD6D80E006C28F0 /* NewWrite.storyboard */; };
		233773E21FD6D908006C28F0 /* NewWriteViewController.swift in Sources */ = {isa = PBXBuildFile; fileRef = 233773E11FD6D908006C28F0 /* NewWriteViewController.swift */; };
		234302E81FD63B9200501C46 /* TJCalendar.storyboard in Resources */ = {isa = PBXBuildFile; fileRef = 234302E71FD63B9200501C46 /* TJCalendar.storyboard */; };
		234302EA1FD63BB200501C46 /* CalendarViewController.swift in Sources */ = {isa = PBXBuildFile; fileRef = 234302E91FD63BB200501C46 /* CalendarViewController.swift */; };
		23AB58AC1FD586070010C093 /* SKMain.storyboard in Resources */ = {isa = PBXBuildFile; fileRef = FCDCFB811FD525C000B993C9 /* SKMain.storyboard */; };
		23E6F40B1FD5C50300543A84 /* FooPlsView.swift in Sources */ = {isa = PBXBuildFile; fileRef = 23E6F40A1FD5C50200543A84 /* FooPlsView.swift */; };
		62E1FF521FD924BF00E1FEAE /* Ih_Posting.storyboard in Resources */ = {isa = PBXBuildFile; fileRef = 62E1FF3F1FD924BF00E1FEAE /* Ih_Posting.storyboard */; };
		62E1FF531FD924BF00E1FEAE /* Ih_Main.storyboard in Resources */ = {isa = PBXBuildFile; fileRef = 62E1FF401FD924BF00E1FEAE /* Ih_Main.storyboard */; };
		62E1FF541FD924BF00E1FEAE /* Ih_MainView.storyboard in Resources */ = {isa = PBXBuildFile; fileRef = 62E1FF421FD924BF00E1FEAE /* Ih_MainView.storyboard */; };
		62E1FF551FD924BF00E1FEAE /* CustomCell.swift in Sources */ = {isa = PBXBuildFile; fileRef = 62E1FF441FD924BF00E1FEAE /* CustomCell.swift */; };
		62E1FF561FD924BF00E1FEAE /* MainCollectionView.swift in Sources */ = {isa = PBXBuildFile; fileRef = 62E1FF451FD924BF00E1FEAE /* MainCollectionView.swift */; };
		62E1FF571FD924BF00E1FEAE /* LaunchScreen.storyboard in Resources */ = {isa = PBXBuildFile; fileRef = 62E1FF461FD924BF00E1FEAE /* LaunchScreen.storyboard */; };
		62E1FF581FD924BF00E1FEAE /* Ih_PostVC.swift in Sources */ = {isa = PBXBuildFile; fileRef = 62E1FF491FD924BF00E1FEAE /* Ih_PostVC.swift */; };
		62E1FF591FD924BF00E1FEAE /* Ih_DetailInfoVC.swift in Sources */ = {isa = PBXBuildFile; fileRef = 62E1FF4A1FD924BF00E1FEAE /* Ih_DetailInfoVC.swift */; };
		62E1FF5A1FD924BF00E1FEAE /* Ih_MapVC.swift in Sources */ = {isa = PBXBuildFile; fileRef = 62E1FF4B1FD924BF00E1FEAE /* Ih_MapVC.swift */; };
		62E1FF5B1FD924BF00E1FEAE /* Ih_UserModel.swift in Sources */ = {isa = PBXBuildFile; fileRef = 62E1FF4D1FD924BF00E1FEAE /* Ih_UserModel.swift */; };
		62E1FF5C1FD924BF00E1FEAE /* Ih_LocationModel.swift in Sources */ = {isa = PBXBuildFile; fileRef = 62E1FF4E1FD924BF00E1FEAE /* Ih_LocationModel.swift */; };
		62E1FF5D1FD924BF00E1FEAE /* Ih_PostModel.swift in Sources */ = {isa = PBXBuildFile; fileRef = 62E1FF4F1FD924BF00E1FEAE /* Ih_PostModel.swift */; };
		62E1FF5E1FD924BF00E1FEAE /* Ih_DataCenter.swift in Sources */ = {isa = PBXBuildFile; fileRef = 62E1FF511FD924BF00E1FEAE /* Ih_DataCenter.swift */; };
		62F1B7331FDFCC0D0084D68F /* Ih_AllPostsData.swift in Sources */ = {isa = PBXBuildFile; fileRef = 62F1B7321FDFCC0D0084D68F /* Ih_AllPostsData.swift */; };
		62F1B7351FDFE0CA0084D68F /* DetailPageView.swift in Sources */ = {isa = PBXBuildFile; fileRef = 62F1B7341FDFE0CA0084D68F /* DetailPageView.swift */; };
		62F1B7371FDFE13B0084D68F /* DetailPageCell.swift in Sources */ = {isa = PBXBuildFile; fileRef = 62F1B7361FDFE13B0084D68F /* DetailPageCell.swift */; };
		62F1B7411FDFFEFA0084D68F /* SlideOut.swift in Sources */ = {isa = PBXBuildFile; fileRef = 62F1B7401FDFFEFA0084D68F /* SlideOut.swift */; };
		CE0A7F041FCE8EDA009C884F /* AppDelegate.swift in Sources */ = {isa = PBXBuildFile; fileRef = CE0A7F031FCE8EDA009C884F /* AppDelegate.swift */; };
		CE0A7F061FCE8EDA009C884F /* SignUpViewController.swift in Sources */ = {isa = PBXBuildFile; fileRef = CE0A7F051FCE8EDA009C884F /* SignUpViewController.swift */; };
		CE0A7F0B1FCE8EDA009C884F /* Assets.xcassets in Resources */ = {isa = PBXBuildFile; fileRef = CE0A7F0A1FCE8EDA009C884F /* Assets.xcassets */; };
		CE0A7F0E1FCE8EDA009C884F /* LaunchScreen.storyboard in Resources */ = {isa = PBXBuildFile; fileRef = CE0A7F0C1FCE8EDA009C884F /* LaunchScreen.storyboard */; };
		CE0A7F161FCE90EB009C884F /* GoogleService-Info.plist in Resources */ = {isa = PBXBuildFile; fileRef = CE0A7F151FCE90EA009C884F /* GoogleService-Info.plist */; };
		CE1E93F41FCFF2110059775A /* Model.swift in Sources */ = {isa = PBXBuildFile; fileRef = CE1E93F31FCFF2110059775A /* Model.swift */; };
		CE9D36F31FCE92ED00E3713D /* LoginViewController.swift in Sources */ = {isa = PBXBuildFile; fileRef = CE9D36F21FCE92ED00E3713D /* LoginViewController.swift */; };
		CEB899781FD9C4A800BFFF3B /* View.xib in Resources */ = {isa = PBXBuildFile; fileRef = CEB899721FD9C4A500BFFF3B /* View.xib */; };
		CEB899791FD9C4A800BFFF3B /* PostCell.xib in Resources */ = {isa = PBXBuildFile; fileRef = CEB899731FD9C4A500BFFF3B /* PostCell.xib */; };
		CEB8997A1FD9C4A800BFFF3B /* PostCell.swift in Sources */ = {isa = PBXBuildFile; fileRef = CEB899741FD9C4A600BFFF3B /* PostCell.swift */; };
		CEB8997B1FD9C4A800BFFF3B /* EmptyCell.swift in Sources */ = {isa = PBXBuildFile; fileRef = CEB899751FD9C4A700BFFF3B /* EmptyCell.swift */; };
		CEB8997C1FD9C4A800BFFF3B /* EmptyCell.xib in Resources */ = {isa = PBXBuildFile; fileRef = CEB899761FD9C4A700BFFF3B /* EmptyCell.xib */; };
		CEB8997D1FD9C4A800BFFF3B /* PopView.swift in Sources */ = {isa = PBXBuildFile; fileRef = CEB899771FD9C4A800BFFF3B /* PopView.swift */; };
		CEB899811FD9C53600BFFF3B /* CalendarVCExtension.swift in Sources */ = {isa = PBXBuildFile; fileRef = CEB899801FD9C53600BFFF3B /* CalendarVCExtension.swift */; };
		CEEEFD491FCFB388009CD1D9 /* Extension.swift in Sources */ = {isa = PBXBuildFile; fileRef = 237379AD1FCEE4F200F5351E /* Extension.swift */; };
		FC34D5631FD7D4DD00561433 /* SK_PostViewController.swift in Sources */ = {isa = PBXBuildFile; fileRef = FC34D5621FD7D4DD00561433 /* SK_PostViewController.swift */; };
		FCDCFB7E1FD525AF00B993C9 /* SK_GoogleMapMainVC.swift in Sources */ = {isa = PBXBuildFile; fileRef = FCDCFB7B1FD525AD00B993C9 /* SK_GoogleMapMainVC.swift */; };
		FCDCFB7F1FD525AF00B993C9 /* SK_MapDataCenter.swift in Sources */ = {isa = PBXBuildFile; fileRef = FCDCFB7C1FD525AE00B993C9 /* SK_MapDataCenter.swift */; };
		FCDCFB801FD525AF00B993C9 /* SK_FirebaseInputVC.swift in Sources */ = {isa = PBXBuildFile; fileRef = FCDCFB7D1FD525AE00B993C9 /* SK_FirebaseInputVC.swift */; };
		FCDCFB841FD68AB000B993C9 /* SK_MainViewController.swift in Sources */ = {isa = PBXBuildFile; fileRef = FCDCFB831FD68AB000B993C9 /* SK_MainViewController.swift */; };
		FCDCFB861FD691FF00B993C9 /* SK_DetailViewController.swift in Sources */ = {isa = PBXBuildFile; fileRef = FCDCFB851FD691FF00B993C9 /* SK_DetailViewController.swift */; };
		FCDCFB8B1FD696AD00B993C9 /* SK_CollectionViewCell.swift in Sources */ = {isa = PBXBuildFile; fileRef = FCDCFB8A1FD696AD00B993C9 /* SK_CollectionViewCell.swift */; };
		FCF45A2C1FD936AD00D99E85 /* SK_AutoSearchViewController.swift in Sources */ = {isa = PBXBuildFile; fileRef = FC34D5641FD8D72600561433 /* SK_AutoSearchViewController.swift */; };
		FCF45A2E1FD96B7C00D99E85 /* SK_PostDataModel.swift in Sources */ = {isa = PBXBuildFile; fileRef = FCF45A2D1FD96B7C00D99E85 /* SK_PostDataModel.swift */; };
/* End PBXBuildFile section */

/* Begin PBXFileReference section */
		11C4E457AA252E7421C235A3 /* Pods-FooPls.release.xcconfig */ = {isa = PBXFileReference; includeInIndex = 1; lastKnownFileType = text.xcconfig; name = "Pods-FooPls.release.xcconfig"; path = "Pods/Target Support Files/Pods-FooPls/Pods-FooPls.release.xcconfig"; sourceTree = "<group>"; };
		15DAC707017257161F47E4EB /* Pods-LogInSignUpProc.release.xcconfig */ = {isa = PBXFileReference; includeInIndex = 1; lastKnownFileType = text.xcconfig; name = "Pods-LogInSignUpProc.release.xcconfig"; path = "Pods/Target Support Files/Pods-LogInSignUpProc/Pods-LogInSignUpProc.release.xcconfig"; sourceTree = "<group>"; };
		230ED26A1FD92D260054914A /* Login.storyboard */ = {isa = PBXFileReference; fileEncoding = 4; lastKnownFileType = file.storyboard; path = Login.storyboard; sourceTree = "<group>"; };
		231BA7BE1FD0203E00EF2B69 /* Main.storyboard */ = {isa = PBXFileReference; lastKnownFileType = file.storyboard; path = Main.storyboard; sourceTree = "<group>"; };
		231EC1B21FD5155800A0DD19 /* CustomButton.swift */ = {isa = PBXFileReference; lastKnownFileType = sourcecode.swift; path = CustomButton.swift; sourceTree = "<group>"; };
		231F59BD1FDAC2EA00580D69 /* RAMAnimatedTabBarController.swift */ = {isa = PBXFileReference; fileEncoding = 4; lastKnownFileType = sourcecode.swift; path = RAMAnimatedTabBarController.swift; sourceTree = "<group>"; };
		231F59BF1FDAC2EA00580D69 /* RAMBadge.swift */ = {isa = PBXFileReference; fileEncoding = 4; lastKnownFileType = sourcecode.swift; path = RAMBadge.swift; sourceTree = "<group>"; };
		231F59C01FDAC2EA00580D69 /* RAMItemAnimationProtocol.swift */ = {isa = PBXFileReference; fileEncoding = 4; lastKnownFileType = sourcecode.swift; path = RAMItemAnimationProtocol.swift; sourceTree = "<group>"; };
		231F59C31FDAC2EA00580D69 /* RAMFumeAnimation.swift */ = {isa = PBXFileReference; fileEncoding = 4; lastKnownFileType = sourcecode.swift; path = RAMFumeAnimation.swift; sourceTree = "<group>"; };
		231F59C51FDAC2EA00580D69 /* RAMFrameItemAnimation.swift */ = {isa = PBXFileReference; fileEncoding = 4; lastKnownFileType = sourcecode.swift; path = RAMFrameItemAnimation.swift; sourceTree = "<group>"; };
		231F59C71FDAC2EA00580D69 /* RAMTransitionItemAnimations.swift */ = {isa = PBXFileReference; fileEncoding = 4; lastKnownFileType = sourcecode.swift; path = RAMTransitionItemAnimations.swift; sourceTree = "<group>"; };
		231F59C91FDAC2EA00580D69 /* RAMRotationAnimation.swift */ = {isa = PBXFileReference; fileEncoding = 4; lastKnownFileType = sourcecode.swift; path = RAMRotationAnimation.swift; sourceTree = "<group>"; };
		231F59CB1FDAC2EA00580D69 /* RAMBounceAnimation.swift */ = {isa = PBXFileReference; fileEncoding = 4; lastKnownFileType = sourcecode.swift; path = RAMBounceAnimation.swift; sourceTree = "<group>"; };
		231F59D41FDC137800580D69 /* TJSettings.storyboard */ = {isa = PBXFileReference; lastKnownFileType = file.storyboard; path = TJSettings.storyboard; sourceTree = "<group>"; };
		231F59D61FDC146400580D69 /* TJProfile.storyboard */ = {isa = PBXFileReference; lastKnownFileType = file.storyboard; path = TJProfile.storyboard; sourceTree = "<group>"; };
		2328AB881FCE9FB5004B75C0 /* Splash.storyboard */ = {isa = PBXFileReference; lastKnownFileType = file.storyboard; path = Splash.storyboard; sourceTree = "<group>"; };
		2328AB8B1FCE9FFC004B75C0 /* SplashViewController.swift */ = {isa = PBXFileReference; lastKnownFileType = sourcecode.swift; path = SplashViewController.swift; sourceTree = "<group>"; };
		2328AB8F1FCEAC69004B75C0 /* KakaoOpenSDK.framework */ = {isa = PBXFileReference; lastKnownFileType = wrapper.framework; name = KakaoOpenSDK.framework; path = Pods/KakaoOpenSDK/KakaoOpenSDK.framework; sourceTree = "<group>"; };
		232D49EF1FDE3F850094DA1A /* MenuCell.xib */ = {isa = PBXFileReference; lastKnownFileType = file.xib; path = MenuCell.xib; sourceTree = "<group>"; };
		232D49F11FDE3FBA0094DA1A /* FocusView.xib */ = {isa = PBXFileReference; lastKnownFileType = file.xib; path = FocusView.xib; sourceTree = "<group>"; };
		232D49F31FDE3FE50094DA1A /* TJProfileViewController.swift */ = {isa = PBXFileReference; lastKnownFileType = sourcecode.swift; path = TJProfileViewController.swift; sourceTree = "<group>"; };
		232D49F51FDE40950094DA1A /* MenuCell.swift */ = {isa = PBXFileReference; lastKnownFileType = sourcecode.swift; path = MenuCell.swift; sourceTree = "<group>"; };
		232D49F71FDE4C8F0094DA1A /* TJTempViewController.swift */ = {isa = PBXFileReference; lastKnownFileType = sourcecode.swift; path = TJTempViewController.swift; sourceTree = "<group>"; };
		232D49F91FDE507C0094DA1A /* TJTemp.storyboard */ = {isa = PBXFileReference; lastKnownFileType = file.storyboard; path = TJTemp.storyboard; sourceTree = "<group>"; };
		232D49FB1FDE704F0094DA1A /* MyPostingCell.swift */ = {isa = PBXFileReference; lastKnownFileType = sourcecode.swift; path = MyPostingCell.swift; sourceTree = "<group>"; };
		2335CAB51FCF1C9500AF06F0 /* CustomTextField.swift */ = {isa = PBXFileReference; lastKnownFileType = sourcecode.swift; path = CustomTextField.swift; sourceTree = "<group>"; };
		233773D41FD68D52006C28F0 /* JTAppleCalendar.framework */ = {isa = PBXFileReference; explicitFileType = wrapper.framework; path = JTAppleCalendar.framework; sourceTree = BUILT_PRODUCTS_DIR; };
		233773DB1FD69715006C28F0 /* CalendarCell.swift */ = {isa = PBXFileReference; lastKnownFileType = sourcecode.swift; path = CalendarCell.swift; sourceTree = "<group>"; };
		233773DF1FD6D80E006C28F0 /* NewWrite.storyboard */ = {isa = PBXFileReference; lastKnownFileType = file.storyboard; path = NewWrite.storyboard; sourceTree = "<group>"; };
		233773E11FD6D908006C28F0 /* NewWriteViewController.swift */ = {isa = PBXFileReference; lastKnownFileType = sourcecode.swift; path = NewWriteViewController.swift; sourceTree = "<group>"; };
		234302E71FD63B9200501C46 /* TJCalendar.storyboard */ = {isa = PBXFileReference; lastKnownFileType = file.storyboard; path = TJCalendar.storyboard; sourceTree = "<group>"; };
		234302E91FD63BB200501C46 /* CalendarViewController.swift */ = {isa = PBXFileReference; lastKnownFileType = sourcecode.swift; path = CalendarViewController.swift; sourceTree = "<group>"; };
		237379AD1FCEE4F200F5351E /* Extension.swift */ = {isa = PBXFileReference; fileEncoding = 4; lastKnownFileType = sourcecode.swift; path = Extension.swift; sourceTree = "<group>"; };
		23B317981FCFF7E600C0A078 /* Bridging-Header.h */ = {isa = PBXFileReference; lastKnownFileType = sourcecode.c.h; path = "Bridging-Header.h"; sourceTree = "<group>"; };
		23E6F40A1FD5C50200543A84 /* FooPlsView.swift */ = {isa = PBXFileReference; fileEncoding = 4; lastKnownFileType = sourcecode.swift; path = FooPlsView.swift; sourceTree = "<group>"; };
		54D5D224DE83084B71301F9F /* Pods_FooPls.framework */ = {isa = PBXFileReference; explicitFileType = wrapper.framework; includeInIndex = 0; path = Pods_FooPls.framework; sourceTree = BUILT_PRODUCTS_DIR; };
		62E1FF3F1FD924BF00E1FEAE /* Ih_Posting.storyboard */ = {isa = PBXFileReference; fileEncoding = 4; lastKnownFileType = file.storyboard; path = Ih_Posting.storyboard; sourceTree = "<group>"; };
		62E1FF411FD924BF00E1FEAE /* Base */ = {isa = PBXFileReference; lastKnownFileType = file.storyboard; name = Base; path = Base.lproj/Ih_Main.storyboard; sourceTree = "<group>"; };
		62E1FF421FD924BF00E1FEAE /* Ih_MainView.storyboard */ = {isa = PBXFileReference; fileEncoding = 4; lastKnownFileType = file.storyboard; path = Ih_MainView.storyboard; sourceTree = "<group>"; };
		62E1FF441FD924BF00E1FEAE /* CustomCell.swift */ = {isa = PBXFileReference; fileEncoding = 4; lastKnownFileType = sourcecode.swift; path = CustomCell.swift; sourceTree = "<group>"; };
		62E1FF451FD924BF00E1FEAE /* MainCollectionView.swift */ = {isa = PBXFileReference; fileEncoding = 4; lastKnownFileType = sourcecode.swift; path = MainCollectionView.swift; sourceTree = "<group>"; };
		62E1FF471FD924BF00E1FEAE /* Base */ = {isa = PBXFileReference; lastKnownFileType = file.storyboard; name = Base; path = Base.lproj/LaunchScreen.storyboard; sourceTree = "<group>"; };
		62E1FF491FD924BF00E1FEAE /* Ih_PostVC.swift */ = {isa = PBXFileReference; fileEncoding = 4; lastKnownFileType = sourcecode.swift; path = Ih_PostVC.swift; sourceTree = "<group>"; };
		62E1FF4A1FD924BF00E1FEAE /* Ih_DetailInfoVC.swift */ = {isa = PBXFileReference; fileEncoding = 4; lastKnownFileType = sourcecode.swift; path = Ih_DetailInfoVC.swift; sourceTree = "<group>"; };
		62E1FF4B1FD924BF00E1FEAE /* Ih_MapVC.swift */ = {isa = PBXFileReference; fileEncoding = 4; lastKnownFileType = sourcecode.swift; path = Ih_MapVC.swift; sourceTree = "<group>"; };
		62E1FF4D1FD924BF00E1FEAE /* Ih_UserModel.swift */ = {isa = PBXFileReference; fileEncoding = 4; lastKnownFileType = sourcecode.swift; path = Ih_UserModel.swift; sourceTree = "<group>"; };
		62E1FF4E1FD924BF00E1FEAE /* Ih_LocationModel.swift */ = {isa = PBXFileReference; fileEncoding = 4; lastKnownFileType = sourcecode.swift; path = Ih_LocationModel.swift; sourceTree = "<group>"; };
		62E1FF4F1FD924BF00E1FEAE /* Ih_PostModel.swift */ = {isa = PBXFileReference; fileEncoding = 4; lastKnownFileType = sourcecode.swift; path = Ih_PostModel.swift; sourceTree = "<group>"; };
		62E1FF511FD924BF00E1FEAE /* Ih_DataCenter.swift */ = {isa = PBXFileReference; fileEncoding = 4; lastKnownFileType = sourcecode.swift; path = Ih_DataCenter.swift; sourceTree = "<group>"; };
		62F1B7321FDFCC0D0084D68F /* Ih_AllPostsData.swift */ = {isa = PBXFileReference; lastKnownFileType = sourcecode.swift; path = Ih_AllPostsData.swift; sourceTree = "<group>"; };
		62F1B7341FDFE0CA0084D68F /* DetailPageView.swift */ = {isa = PBXFileReference; lastKnownFileType = sourcecode.swift; path = DetailPageView.swift; sourceTree = "<group>"; };
		62F1B7361FDFE13B0084D68F /* DetailPageCell.swift */ = {isa = PBXFileReference; lastKnownFileType = sourcecode.swift; path = DetailPageCell.swift; sourceTree = "<group>"; };
		62F1B7401FDFFEFA0084D68F /* SlideOut.swift */ = {isa = PBXFileReference; lastKnownFileType = sourcecode.swift; path = SlideOut.swift; sourceTree = "<group>"; };
		647ABC3419EA261130400E38 /* Pods-FooPls.debug.xcconfig */ = {isa = PBXFileReference; includeInIndex = 1; lastKnownFileType = text.xcconfig; name = "Pods-FooPls.debug.xcconfig"; path = "Pods/Target Support Files/Pods-FooPls/Pods-FooPls.debug.xcconfig"; sourceTree = "<group>"; };
		829B4403FD344F685DF572E2 /* Pods_LogInSignUpProc.framework */ = {isa = PBXFileReference; explicitFileType = wrapper.framework; includeInIndex = 0; path = Pods_LogInSignUpProc.framework; sourceTree = BUILT_PRODUCTS_DIR; };
		85FD80398EEA170A72A1748F /* Pods-LogInSignUpProc.debug.xcconfig */ = {isa = PBXFileReference; includeInIndex = 1; lastKnownFileType = text.xcconfig; name = "Pods-LogInSignUpProc.debug.xcconfig"; path = "Pods/Target Support Files/Pods-LogInSignUpProc/Pods-LogInSignUpProc.debug.xcconfig"; sourceTree = "<group>"; };
		CE0A7F001FCE8EDA009C884F /* FooPls.app */ = {isa = PBXFileReference; explicitFileType = wrapper.application; includeInIndex = 0; path = FooPls.app; sourceTree = BUILT_PRODUCTS_DIR; };
		CE0A7F031FCE8EDA009C884F /* AppDelegate.swift */ = {isa = PBXFileReference; lastKnownFileType = sourcecode.swift; path = AppDelegate.swift; sourceTree = "<group>"; };
		CE0A7F051FCE8EDA009C884F /* SignUpViewController.swift */ = {isa = PBXFileReference; lastKnownFileType = sourcecode.swift; path = SignUpViewController.swift; sourceTree = "<group>"; };
		CE0A7F0A1FCE8EDA009C884F /* Assets.xcassets */ = {isa = PBXFileReference; lastKnownFileType = folder.assetcatalog; path = Assets.xcassets; sourceTree = "<group>"; };
		CE0A7F0D1FCE8EDA009C884F /* Base */ = {isa = PBXFileReference; lastKnownFileType = file.storyboard; name = Base; path = Base.lproj/LaunchScreen.storyboard; sourceTree = "<group>"; };
		CE0A7F0F1FCE8EDA009C884F /* Info.plist */ = {isa = PBXFileReference; lastKnownFileType = text.plist.xml; path = Info.plist; sourceTree = "<group>"; };
		CE0A7F151FCE90EA009C884F /* GoogleService-Info.plist */ = {isa = PBXFileReference; fileEncoding = 4; lastKnownFileType = text.plist.xml; path = "GoogleService-Info.plist"; sourceTree = "<group>"; };
		CE1E93F31FCFF2110059775A /* Model.swift */ = {isa = PBXFileReference; lastKnownFileType = sourcecode.swift; path = Model.swift; sourceTree = "<group>"; };
		CE9D36F21FCE92ED00E3713D /* LoginViewController.swift */ = {isa = PBXFileReference; lastKnownFileType = sourcecode.swift; path = LoginViewController.swift; sourceTree = "<group>"; };
		CEB899721FD9C4A500BFFF3B /* View.xib */ = {isa = PBXFileReference; fileEncoding = 4; lastKnownFileType = file.xib; path = View.xib; sourceTree = "<group>"; };
		CEB899731FD9C4A500BFFF3B /* PostCell.xib */ = {isa = PBXFileReference; fileEncoding = 4; lastKnownFileType = file.xib; path = PostCell.xib; sourceTree = "<group>"; };
		CEB899741FD9C4A600BFFF3B /* PostCell.swift */ = {isa = PBXFileReference; fileEncoding = 4; lastKnownFileType = sourcecode.swift; path = PostCell.swift; sourceTree = "<group>"; };
		CEB899751FD9C4A700BFFF3B /* EmptyCell.swift */ = {isa = PBXFileReference; fileEncoding = 4; lastKnownFileType = sourcecode.swift; path = EmptyCell.swift; sourceTree = "<group>"; };
		CEB899761FD9C4A700BFFF3B /* EmptyCell.xib */ = {isa = PBXFileReference; fileEncoding = 4; lastKnownFileType = file.xib; path = EmptyCell.xib; sourceTree = "<group>"; };
		CEB899771FD9C4A800BFFF3B /* PopView.swift */ = {isa = PBXFileReference; fileEncoding = 4; lastKnownFileType = sourcecode.swift; path = PopView.swift; sourceTree = "<group>"; };
		CEB899801FD9C53600BFFF3B /* CalendarVCExtension.swift */ = {isa = PBXFileReference; lastKnownFileType = sourcecode.swift; path = CalendarVCExtension.swift; sourceTree = "<group>"; };
		FC34D5621FD7D4DD00561433 /* SK_PostViewController.swift */ = {isa = PBXFileReference; lastKnownFileType = sourcecode.swift; path = SK_PostViewController.swift; sourceTree = "<group>"; };
		FC34D5641FD8D72600561433 /* SK_AutoSearchViewController.swift */ = {isa = PBXFileReference; lastKnownFileType = sourcecode.swift; path = SK_AutoSearchViewController.swift; sourceTree = "<group>"; };
		FCDCFB7B1FD525AD00B993C9 /* SK_GoogleMapMainVC.swift */ = {isa = PBXFileReference; fileEncoding = 4; lastKnownFileType = sourcecode.swift; path = SK_GoogleMapMainVC.swift; sourceTree = "<group>"; };
		FCDCFB7C1FD525AE00B993C9 /* SK_MapDataCenter.swift */ = {isa = PBXFileReference; fileEncoding = 4; lastKnownFileType = sourcecode.swift; path = SK_MapDataCenter.swift; sourceTree = "<group>"; };
		FCDCFB7D1FD525AE00B993C9 /* SK_FirebaseInputVC.swift */ = {isa = PBXFileReference; fileEncoding = 4; lastKnownFileType = sourcecode.swift; path = SK_FirebaseInputVC.swift; sourceTree = "<group>"; };
		FCDCFB811FD525C000B993C9 /* SKMain.storyboard */ = {isa = PBXFileReference; fileEncoding = 4; lastKnownFileType = file.storyboard; path = SKMain.storyboard; sourceTree = "<group>"; };
		FCDCFB831FD68AB000B993C9 /* SK_MainViewController.swift */ = {isa = PBXFileReference; lastKnownFileType = sourcecode.swift; path = SK_MainViewController.swift; sourceTree = "<group>"; };
		FCDCFB851FD691FF00B993C9 /* SK_DetailViewController.swift */ = {isa = PBXFileReference; lastKnownFileType = sourcecode.swift; path = SK_DetailViewController.swift; sourceTree = "<group>"; };
		FCDCFB8A1FD696AD00B993C9 /* SK_CollectionViewCell.swift */ = {isa = PBXFileReference; lastKnownFileType = sourcecode.swift; path = SK_CollectionViewCell.swift; sourceTree = "<group>"; };
		FCF45A2D1FD96B7C00D99E85 /* SK_PostDataModel.swift */ = {isa = PBXFileReference; lastKnownFileType = sourcecode.swift; path = SK_PostDataModel.swift; sourceTree = "<group>"; };
/* End PBXFileReference section */

/* Begin PBXFrameworksBuildPhase section */
		CE0A7EFD1FCE8EDA009C884F /* Frameworks */ = {
			isa = PBXFrameworksBuildPhase;
			buildActionMask = 2147483647;
			files = (
				233773D31FD68D52006C28F0 /* JTAppleCalendar.framework in Frameworks */,
				2328AB901FCEAC6A004B75C0 /* KakaoOpenSDK.framework in Frameworks */,
				0D96C334393FDF0C64B1536B /* Pods_FooPls.framework in Frameworks */,
			);
			runOnlyForDeploymentPostprocessing = 0;
		};
/* End PBXFrameworksBuildPhase section */

/* Begin PBXGroup section */
		23170EB01FD63B440064E047 /* Taejune */ = {
			isa = PBXGroup;
			children = (
				232D49FE1FDFBB350094DA1A /* Calendar */,
				232D49FF1FDFBB6B0094DA1A /* Information */,
			);
			path = Taejune;
			sourceTree = "<group>";
		};
		231A40561FD8E3850046F3D4 /* ViewController */ = {
			isa = PBXGroup;
			children = (
				232D49F31FDE3FE50094DA1A /* TJProfileViewController.swift */,
				232D49F71FDE4C8F0094DA1A /* TJTempViewController.swift */,
			);
			path = ViewController;
			sourceTree = "<group>";
		};
		231A40571FD8E39E0046F3D4 /* View */ = {
			isa = PBXGroup;
			children = (
				232D49F51FDE40950094DA1A /* MenuCell.swift */,
				232D49FB1FDE704F0094DA1A /* MyPostingCell.swift */,
				232D49EF1FDE3F850094DA1A /* MenuCell.xib */,
				232D49F11FDE3FBA0094DA1A /* FocusView.xib */,
			);
			path = View;
			sourceTree = "<group>";
		};
		231F59BC1FDAC2EA00580D69 /* RAMAnimatedTabBarController */ = {
			isa = PBXGroup;
			children = (
				231F59BD1FDAC2EA00580D69 /* RAMAnimatedTabBarController.swift */,
				231F59BE1FDAC2EA00580D69 /* RAMBadge */,
				231F59C01FDAC2EA00580D69 /* RAMItemAnimationProtocol.swift */,
				231F59C11FDAC2EA00580D69 /* Animations */,
			);
			path = RAMAnimatedTabBarController;
			sourceTree = "<group>";
		};
		231F59BE1FDAC2EA00580D69 /* RAMBadge */ = {
			isa = PBXGroup;
			children = (
				231F59BF1FDAC2EA00580D69 /* RAMBadge.swift */,
			);
			path = RAMBadge;
			sourceTree = "<group>";
		};
		231F59C11FDAC2EA00580D69 /* Animations */ = {
			isa = PBXGroup;
			children = (
				231F59C21FDAC2EA00580D69 /* FumeAnimation */,
				231F59C41FDAC2EA00580D69 /* FrameAnimation */,
				231F59C61FDAC2EA00580D69 /* TransitionAniamtions */,
				231F59C81FDAC2EA00580D69 /* RotationAnimation */,
				231F59CA1FDAC2EA00580D69 /* BounceAnimation */,
			);
			path = Animations;
			sourceTree = "<group>";
		};
		231F59C21FDAC2EA00580D69 /* FumeAnimation */ = {
			isa = PBXGroup;
			children = (
				231F59C31FDAC2EA00580D69 /* RAMFumeAnimation.swift */,
			);
			path = FumeAnimation;
			sourceTree = "<group>";
		};
		231F59C41FDAC2EA00580D69 /* FrameAnimation */ = {
			isa = PBXGroup;
			children = (
				231F59C51FDAC2EA00580D69 /* RAMFrameItemAnimation.swift */,
			);
			path = FrameAnimation;
			sourceTree = "<group>";
		};
		231F59C61FDAC2EA00580D69 /* TransitionAniamtions */ = {
			isa = PBXGroup;
			children = (
				231F59C71FDAC2EA00580D69 /* RAMTransitionItemAnimations.swift */,
			);
			path = TransitionAniamtions;
			sourceTree = "<group>";
		};
		231F59C81FDAC2EA00580D69 /* RotationAnimation */ = {
			isa = PBXGroup;
			children = (
				231F59C91FDAC2EA00580D69 /* RAMRotationAnimation.swift */,
			);
			path = RotationAnimation;
			sourceTree = "<group>";
		};
		231F59CA1FDAC2EA00580D69 /* BounceAnimation */ = {
			isa = PBXGroup;
			children = (
				231F59CB1FDAC2EA00580D69 /* RAMBounceAnimation.swift */,
			);
			path = BounceAnimation;
			sourceTree = "<group>";
		};
		2328AB8A1FCE9FBB004B75C0 /* Splash */ = {
			isa = PBXGroup;
			children = (
				2328AB8B1FCE9FFC004B75C0 /* SplashViewController.swift */,
				2328AB881FCE9FB5004B75C0 /* Splash.storyboard */,
			);
			path = Splash;
			sourceTree = "<group>";
		};
		232D49FD1FDF7AA10094DA1A /* Storyboard */ = {
			isa = PBXGroup;
			children = (
				231F59D41FDC137800580D69 /* TJSettings.storyboard */,
				231F59D61FDC146400580D69 /* TJProfile.storyboard */,
				232D49F91FDE507C0094DA1A /* TJTemp.storyboard */,
			);
			path = Storyboard;
			sourceTree = "<group>";
		};
		232D49FE1FDFBB350094DA1A /* Calendar */ = {
			isa = PBXGroup;
			children = (
				232D4A001FDFBBBC0094DA1A /* ViewController */,
				232D4A011FDFBBC90094DA1A /* View */,
				232D4A021FDFBBD10094DA1A /* Storyboard */,
			);
			path = Calendar;
			sourceTree = "<group>";
		};
		232D49FF1FDFBB6B0094DA1A /* Information */ = {
			isa = PBXGroup;
			children = (
				232D49FD1FDF7AA10094DA1A /* Storyboard */,
				231A40571FD8E39E0046F3D4 /* View */,
				231A40561FD8E3850046F3D4 /* ViewController */,
			);
			path = Information;
			sourceTree = "<group>";
		};
		232D4A001FDFBBBC0094DA1A /* ViewController */ = {
			isa = PBXGroup;
			children = (
				234302E91FD63BB200501C46 /* CalendarViewController.swift */,
				233773E11FD6D908006C28F0 /* NewWriteViewController.swift */,
			);
			path = ViewController;
			sourceTree = "<group>";
		};
		232D4A011FDFBBC90094DA1A /* View */ = {
			isa = PBXGroup;
			children = (
				233773DB1FD69715006C28F0 /* CalendarCell.swift */,
			);
			path = View;
			sourceTree = "<group>";
		};
		232D4A021FDFBBD10094DA1A /* Storyboard */ = {
			isa = PBXGroup;
			children = (
				234302E71FD63B9200501C46 /* TJCalendar.storyboard */,
				233773DF1FD6D80E006C28F0 /* NewWrite.storyboard */,
			);
			path = Storyboard;
			sourceTree = "<group>";
		};
		3C840C1FBDBC294980830D5A /* Pods */ = {
			isa = PBXGroup;
			children = (
				85FD80398EEA170A72A1748F /* Pods-LogInSignUpProc.debug.xcconfig */,
				15DAC707017257161F47E4EB /* Pods-LogInSignUpProc.release.xcconfig */,
				647ABC3419EA261130400E38 /* Pods-FooPls.debug.xcconfig */,
				11C4E457AA252E7421C235A3 /* Pods-FooPls.release.xcconfig */,
			);
			name = Pods;
			sourceTree = "<group>";
		};
		62E1FF3D1FD924BF00E1FEAE /* Ih_work */ = {
			isa = PBXGroup;
			children = (
				62E1FF461FD924BF00E1FEAE /* LaunchScreen.storyboard */,
				62E1FF3E1FD924BF00E1FEAE /* StoryBoard */,
				62E1FF431FD924BF00E1FEAE /* CollectionVC */,
				62E1FF481FD924BF00E1FEAE /* VC */,
				62E1FF501FD924BF00E1FEAE /* Data */,
				62E1FF4C1FD924BF00E1FEAE /* Model */,
			);
			name = Ih_work;
			path = FooPls/Ih_work;
			sourceTree = SOURCE_ROOT;
		};
		62E1FF3E1FD924BF00E1FEAE /* StoryBoard */ = {
			isa = PBXGroup;
			children = (
				62E1FF3F1FD924BF00E1FEAE /* Ih_Posting.storyboard */,
				62E1FF401FD924BF00E1FEAE /* Ih_Main.storyboard */,
				62E1FF421FD924BF00E1FEAE /* Ih_MainView.storyboard */,
			);
			path = StoryBoard;
			sourceTree = "<group>";
		};
		62E1FF431FD924BF00E1FEAE /* CollectionVC */ = {
			isa = PBXGroup;
			children = (
				62E1FF441FD924BF00E1FEAE /* CustomCell.swift */,
				62E1FF451FD924BF00E1FEAE /* MainCollectionView.swift */,
				62F1B7361FDFE13B0084D68F /* DetailPageCell.swift */,
				62F1B7341FDFE0CA0084D68F /* DetailPageView.swift */,
				62F1B7401FDFFEFA0084D68F /* SlideOut.swift */,
			);
			path = CollectionVC;
			sourceTree = "<group>";
		};
		62E1FF481FD924BF00E1FEAE /* VC */ = {
			isa = PBXGroup;
			children = (
				62E1FF491FD924BF00E1FEAE /* Ih_PostVC.swift */,
				62E1FF4A1FD924BF00E1FEAE /* Ih_DetailInfoVC.swift */,
				62E1FF4B1FD924BF00E1FEAE /* Ih_MapVC.swift */,
			);
			path = VC;
			sourceTree = "<group>";
		};
		62E1FF4C1FD924BF00E1FEAE /* Model */ = {
			isa = PBXGroup;
			children = (
				62E1FF4D1FD924BF00E1FEAE /* Ih_UserModel.swift */,
				62E1FF4E1FD924BF00E1FEAE /* Ih_LocationModel.swift */,
				62E1FF4F1FD924BF00E1FEAE /* Ih_PostModel.swift */,
				62F1B7321FDFCC0D0084D68F /* Ih_AllPostsData.swift */,
			);
			path = Model;
			sourceTree = "<group>";
		};
		62E1FF501FD924BF00E1FEAE /* Data */ = {
			isa = PBXGroup;
			children = (
				62E1FF511FD924BF00E1FEAE /* Ih_DataCenter.swift */,
			);
			path = Data;
			sourceTree = "<group>";
		};
		96A13FB02113034E7BE8EA69 /* Frameworks */ = {
			isa = PBXGroup;
			children = (
				233773D41FD68D52006C28F0 /* JTAppleCalendar.framework */,
				2328AB8F1FCEAC69004B75C0 /* KakaoOpenSDK.framework */,
				829B4403FD344F685DF572E2 /* Pods_LogInSignUpProc.framework */,
				54D5D224DE83084B71301F9F /* Pods_FooPls.framework */,
			);
			name = Frameworks;
			sourceTree = "<group>";
		};
		CE0A7EF71FCE8EDA009C884F = {
			isa = PBXGroup;
			children = (
				CE0A7F021FCE8EDA009C884F /* FooPls */,
				CE0A7F011FCE8EDA009C884F /* Products */,
				3C840C1FBDBC294980830D5A /* Pods */,
				96A13FB02113034E7BE8EA69 /* Frameworks */,
			);
			sourceTree = "<group>";
		};
		CE0A7F011FCE8EDA009C884F /* Products */ = {
			isa = PBXGroup;
			children = (
				CE0A7F001FCE8EDA009C884F /* FooPls.app */,
			);
			name = Products;
			sourceTree = "<group>";
		};
		CE0A7F021FCE8EDA009C884F /* FooPls */ = {
			isa = PBXGroup;
			children = (
				231F59BC1FDAC2EA00580D69 /* RAMAnimatedTabBarController */,
				CEB8996E1FD9C2D000BFFF3B /* SY */,
				62E1FF3D1FD924BF00E1FEAE /* Ih_work */,
				FCDCFB781FD524C900B993C9 /* Samkyu's Work */,
				23170EB01FD63B440064E047 /* Taejune */,
				CE9D36F11FCE92CA00E3713D /* Storyboard */,
				CE0A7F221FCE9251009C884F /* Resource */,
				2328AB8A1FCE9FBB004B75C0 /* Splash */,
				CE0A7F181FCE91BD009C884F /* Signup */,
			);
			path = FooPls;
			sourceTree = "<group>";
		};
		CE0A7F181FCE91BD009C884F /* Signup */ = {
			isa = PBXGroup;
			children = (
				230ED26A1FD92D260054914A /* Login.storyboard */,
				CE1E93F21FCFF2010059775A /* Model */,
				CE0A7F211FCE9211009C884F /* VC */,
				CE0A7F1F1FCE91FE009C884F /* Layout */,
			);
			path = Signup;
			sourceTree = "<group>";
		};
		CE0A7F1F1FCE91FE009C884F /* Layout */ = {
			isa = PBXGroup;
			children = (
				2335CAB51FCF1C9500AF06F0 /* CustomTextField.swift */,
				231EC1B21FD5155800A0DD19 /* CustomButton.swift */,
			);
			path = Layout;
			sourceTree = "<group>";
		};
		CE0A7F211FCE9211009C884F /* VC */ = {
			isa = PBXGroup;
			children = (
				CE0A7F051FCE8EDA009C884F /* SignUpViewController.swift */,
				CE9D36F21FCE92ED00E3713D /* LoginViewController.swift */,
			);
			path = VC;
			sourceTree = "<group>";
		};
		CE0A7F221FCE9251009C884F /* Resource */ = {
			isa = PBXGroup;
			children = (
				237379AD1FCEE4F200F5351E /* Extension.swift */,
				CE0A7F031FCE8EDA009C884F /* AppDelegate.swift */,
				23E6F40A1FD5C50200543A84 /* FooPlsView.swift */,
				23B317981FCFF7E600C0A078 /* Bridging-Header.h */,
				CE0A7F0A1FCE8EDA009C884F /* Assets.xcassets */,
				CE0A7F0C1FCE8EDA009C884F /* LaunchScreen.storyboard */,
				CE0A7F151FCE90EA009C884F /* GoogleService-Info.plist */,
				CE0A7F0F1FCE8EDA009C884F /* Info.plist */,
			);
			path = Resource;
			sourceTree = "<group>";
		};
		CE1E93F21FCFF2010059775A /* Model */ = {
			isa = PBXGroup;
			children = (
				CE1E93F31FCFF2110059775A /* Model.swift */,
			);
			path = Model;
			sourceTree = "<group>";
		};
		CE9D36F11FCE92CA00E3713D /* Storyboard */ = {
			isa = PBXGroup;
			children = (
				231BA7BE1FD0203E00EF2B69 /* Main.storyboard */,
			);
			path = Storyboard;
			sourceTree = "<group>";
		};
		CEB8996E1FD9C2D000BFFF3B /* SY */ = {
			isa = PBXGroup;
			children = (
				CEB8997F1FD9C4CE00BFFF3B /* Xib */,
				CEB8997E1FD9C4B700BFFF3B /* VC */,
				CEB899711FD9C47100BFFF3B /* View */,
			);
			path = SY;
			sourceTree = "<group>";
		};
		CEB899711FD9C47100BFFF3B /* View */ = {
			isa = PBXGroup;
			children = (
				CEB899751FD9C4A700BFFF3B /* EmptyCell.swift */,
				CEB899771FD9C4A800BFFF3B /* PopView.swift */,
				CEB899741FD9C4A600BFFF3B /* PostCell.swift */,
			);
			path = View;
			sourceTree = "<group>";
		};
		CEB8997E1FD9C4B700BFFF3B /* VC */ = {
			isa = PBXGroup;
			children = (
				CEB899801FD9C53600BFFF3B /* CalendarVCExtension.swift */,
			);
			path = VC;
			sourceTree = "<group>";
		};
		CEB8997F1FD9C4CE00BFFF3B /* Xib */ = {
			isa = PBXGroup;
			children = (
				CEB899761FD9C4A700BFFF3B /* EmptyCell.xib */,
				CEB899731FD9C4A500BFFF3B /* PostCell.xib */,
				CEB899721FD9C4A500BFFF3B /* View.xib */,
			);
			path = Xib;
			sourceTree = "<group>";
		};
		FCDCFB781FD524C900B993C9 /* Samkyu's Work */ = {
			isa = PBXGroup;
			children = (
				FCDCFB811FD525C000B993C9 /* SKMain.storyboard */,
				FCDCFB871FD6967B00B993C9 /* SKView */,
				FCDCFB7A1FD5258400B993C9 /* SKModel */,
				FCDCFB791FD5258200B993C9 /* SKController */,
			);
			path = "Samkyu's Work";
			sourceTree = "<group>";
		};
		FCDCFB791FD5258200B993C9 /* SKController */ = {
			isa = PBXGroup;
			children = (
				FCDCFB7B1FD525AD00B993C9 /* SK_GoogleMapMainVC.swift */,
				FCDCFB7D1FD525AE00B993C9 /* SK_FirebaseInputVC.swift */,
				FCDCFB831FD68AB000B993C9 /* SK_MainViewController.swift */,
				FCDCFB851FD691FF00B993C9 /* SK_DetailViewController.swift */,
				FC34D5621FD7D4DD00561433 /* SK_PostViewController.swift */,
				FC34D5641FD8D72600561433 /* SK_AutoSearchViewController.swift */,
			);
			path = SKController;
			sourceTree = "<group>";
		};
		FCDCFB7A1FD5258400B993C9 /* SKModel */ = {
			isa = PBXGroup;
			children = (
				FCDCFB7C1FD525AE00B993C9 /* SK_MapDataCenter.swift */,
				FCF45A2D1FD96B7C00D99E85 /* SK_PostDataModel.swift */,
			);
			path = SKModel;
			sourceTree = "<group>";
		};
		FCDCFB871FD6967B00B993C9 /* SKView */ = {
			isa = PBXGroup;
			children = (
				FCDCFB8A1FD696AD00B993C9 /* SK_CollectionViewCell.swift */,
			);
			path = SKView;
			sourceTree = "<group>";
		};
/* End PBXGroup section */

/* Begin PBXNativeTarget section */
		CE0A7EFF1FCE8EDA009C884F /* FooPls */ = {
			isa = PBXNativeTarget;
			buildConfigurationList = CE0A7F121FCE8EDA009C884F /* Build configuration list for PBXNativeTarget "FooPls" */;
			buildPhases = (
				AC7CA09F9E3EF0F1D76D6538 /* [CP] Check Pods Manifest.lock */,
				CE0A7EFC1FCE8EDA009C884F /* Sources */,
				CE0A7EFD1FCE8EDA009C884F /* Frameworks */,
				CE0A7EFE1FCE8EDA009C884F /* Resources */,
				D32F1333C676D2B10543C474 /* [CP] Embed Pods Frameworks */,
				7954E4393ED0C82325CED581 /* [CP] Copy Pods Resources */,
			);
			buildRules = (
			);
			dependencies = (
			);
			name = FooPls;
			productName = LogInSignUpProc;
			productReference = CE0A7F001FCE8EDA009C884F /* FooPls.app */;
			productType = "com.apple.product-type.application";
		};
/* End PBXNativeTarget section */

/* Begin PBXProject section */
		CE0A7EF81FCE8EDA009C884F /* Project object */ = {
			isa = PBXProject;
			attributes = {
				LastSwiftUpdateCheck = 0910;
				LastUpgradeCheck = 0910;
				ORGANIZATIONNAME = "SONGYEE SHIN";
				TargetAttributes = {
					CE0A7EFF1FCE8EDA009C884F = {
						CreatedOnToolsVersion = 9.1;
						ProvisioningStyle = Automatic;
					};
				};
			};
			buildConfigurationList = CE0A7EFB1FCE8EDA009C884F /* Build configuration list for PBXProject "FooPls" */;
			compatibilityVersion = "Xcode 8.0";
			developmentRegion = en;
			hasScannedForEncodings = 0;
			knownRegions = (
				en,
				Base,
			);
			mainGroup = CE0A7EF71FCE8EDA009C884F;
			productRefGroup = CE0A7F011FCE8EDA009C884F /* Products */;
			projectDirPath = "";
			projectRoot = "";
			targets = (
				CE0A7EFF1FCE8EDA009C884F /* FooPls */,
			);
		};
/* End PBXProject section */

/* Begin PBXResourcesBuildPhase section */
		CE0A7EFE1FCE8EDA009C884F /* Resources */ = {
			isa = PBXResourcesBuildPhase;
			buildActionMask = 2147483647;
			files = (
				CEB8997C1FD9C4A800BFFF3B /* EmptyCell.xib in Resources */,
				23AB58AC1FD586070010C093 /* SKMain.storyboard in Resources */,
				CE0A7F0E1FCE8EDA009C884F /* LaunchScreen.storyboard in Resources */,
				CE0A7F161FCE90EB009C884F /* GoogleService-Info.plist in Resources */,
				232D49F21FDE3FBA0094DA1A /* FocusView.xib in Resources */,
				CEB899781FD9C4A800BFFF3B /* View.xib in Resources */,
				232D49FA1FDE507C0094DA1A /* TJTemp.storyboard in Resources */,
				231F59D51FDC137800580D69 /* TJSettings.storyboard in Resources */,
				232D49F01FDE3F850094DA1A /* MenuCell.xib in Resources */,
				62E1FF521FD924BF00E1FEAE /* Ih_Posting.storyboard in Resources */,
				62E1FF531FD924BF00E1FEAE /* Ih_Main.storyboard in Resources */,
				233773E01FD6D80E006C28F0 /* NewWrite.storyboard in Resources */,
				CEB899791FD9C4A800BFFF3B /* PostCell.xib in Resources */,
				62E1FF571FD924BF00E1FEAE /* LaunchScreen.storyboard in Resources */,
				231F59D71FDC146400580D69 /* TJProfile.storyboard in Resources */,
				230ED26B1FD92D270054914A /* Login.storyboard in Resources */,
				CE0A7F0B1FCE8EDA009C884F /* Assets.xcassets in Resources */,
				231BA7BF1FD0203E00EF2B69 /* Main.storyboard in Resources */,
				234302E81FD63B9200501C46 /* TJCalendar.storyboard in Resources */,
				62E1FF541FD924BF00E1FEAE /* Ih_MainView.storyboard in Resources */,
				2328AB891FCE9FB5004B75C0 /* Splash.storyboard in Resources */,
			);
			runOnlyForDeploymentPostprocessing = 0;
		};
/* End PBXResourcesBuildPhase section */

/* Begin PBXShellScriptBuildPhase section */
		7954E4393ED0C82325CED581 /* [CP] Copy Pods Resources */ = {
			isa = PBXShellScriptBuildPhase;
			buildActionMask = 2147483647;
			files = (
			);
			inputPaths = (
				"${SRCROOT}/Pods/Target Support Files/Pods-FooPls/Pods-FooPls-resources.sh",
				"${PODS_ROOT}/GoogleMaps/Maps/Frameworks/GoogleMaps.framework/Resources/GoogleMaps.bundle",
				"${PODS_ROOT}/GooglePlacePicker/Frameworks/GooglePlacePicker.framework/Resources/GooglePlacePicker.bundle",
				"${PODS_ROOT}/GooglePlaces/Frameworks/GooglePlaces.framework/Resources/GooglePlaces.bundle",
			);
			name = "[CP] Copy Pods Resources";
			outputPaths = (
				"${TARGET_BUILD_DIR}/${UNLOCALIZED_RESOURCES_FOLDER_PATH}",
			);
			runOnlyForDeploymentPostprocessing = 0;
			shellPath = /bin/sh;
			shellScript = "\"${SRCROOT}/Pods/Target Support Files/Pods-FooPls/Pods-FooPls-resources.sh\"\n";
			showEnvVarsInLog = 0;
		};
		AC7CA09F9E3EF0F1D76D6538 /* [CP] Check Pods Manifest.lock */ = {
			isa = PBXShellScriptBuildPhase;
			buildActionMask = 2147483647;
			files = (
			);
			inputPaths = (
				"${PODS_PODFILE_DIR_PATH}/Podfile.lock",
				"${PODS_ROOT}/Manifest.lock",
			);
			name = "[CP] Check Pods Manifest.lock";
			outputPaths = (
				"$(DERIVED_FILE_DIR)/Pods-FooPls-checkManifestLockResult.txt",
			);
			runOnlyForDeploymentPostprocessing = 0;
			shellPath = /bin/sh;
			shellScript = "diff \"${PODS_ROOT}/../Podfile.lock\" \"${PODS_ROOT}/Manifest.lock\" > /dev/null\nif [ $? != 0 ] ; then\n    # print error to STDERR\n    echo \"error: The sandbox is not in sync with the Podfile.lock. Run 'pod install' or update your CocoaPods installation.\" >&2\n    exit 1\nfi\n";
			showEnvVarsInLog = 0;
		};
		D32F1333C676D2B10543C474 /* [CP] Embed Pods Frameworks */ = {
			isa = PBXShellScriptBuildPhase;
			buildActionMask = 2147483647;
			files = (
			);
			inputPaths = (
				"${SRCROOT}/Pods/Target Support Files/Pods-FooPls/Pods-FooPls-frameworks.sh",
				"${BUILT_PRODUCTS_DIR}/Bolts/Bolts.framework",
				"${BUILT_PRODUCTS_DIR}/FBSDKCoreKit/FBSDKCoreKit.framework",
				"${BUILT_PRODUCTS_DIR}/FBSDKLoginKit/FBSDKLoginKit.framework",
				"${BUILT_PRODUCTS_DIR}/FBSDKShareKit/FBSDKShareKit.framework",
				"${BUILT_PRODUCTS_DIR}/GTMSessionFetcher/GTMSessionFetcher.framework",
				"${BUILT_PRODUCTS_DIR}/GoogleToolboxForMac/GoogleToolboxForMac.framework",
				"${BUILT_PRODUCTS_DIR}/JTAppleCalendar/JTAppleCalendar.framework",
				"${BUILT_PRODUCTS_DIR}/Kingfisher/Kingfisher.framework",
				"${BUILT_PRODUCTS_DIR}/PagingKit/PagingKit.framework",
				"${BUILT_PRODUCTS_DIR}/RAMAnimatedTabBarController/RAMAnimatedTabBarController.framework",
				"${BUILT_PRODUCTS_DIR}/SDWebImage/SDWebImage.framework",
				"${BUILT_PRODUCTS_DIR}/SwiftKeychainWrapper/SwiftKeychainWrapper.framework",
				"${BUILT_PRODUCTS_DIR}/leveldb-library/leveldb.framework",
				"${BUILT_PRODUCTS_DIR}/nanopb/nanopb.framework",
			);
			name = "[CP] Embed Pods Frameworks";
			outputPaths = (
				"${TARGET_BUILD_DIR}/${FRAMEWORKS_FOLDER_PATH}/Bolts.framework",
				"${TARGET_BUILD_DIR}/${FRAMEWORKS_FOLDER_PATH}/FBSDKCoreKit.framework",
				"${TARGET_BUILD_DIR}/${FRAMEWORKS_FOLDER_PATH}/FBSDKLoginKit.framework",
				"${TARGET_BUILD_DIR}/${FRAMEWORKS_FOLDER_PATH}/FBSDKShareKit.framework",
				"${TARGET_BUILD_DIR}/${FRAMEWORKS_FOLDER_PATH}/GTMSessionFetcher.framework",
				"${TARGET_BUILD_DIR}/${FRAMEWORKS_FOLDER_PATH}/GoogleToolboxForMac.framework",
				"${TARGET_BUILD_DIR}/${FRAMEWORKS_FOLDER_PATH}/JTAppleCalendar.framework",
				"${TARGET_BUILD_DIR}/${FRAMEWORKS_FOLDER_PATH}/Kingfisher.framework",
				"${TARGET_BUILD_DIR}/${FRAMEWORKS_FOLDER_PATH}/PagingKit.framework",
				"${TARGET_BUILD_DIR}/${FRAMEWORKS_FOLDER_PATH}/RAMAnimatedTabBarController.framework",
				"${TARGET_BUILD_DIR}/${FRAMEWORKS_FOLDER_PATH}/SDWebImage.framework",
				"${TARGET_BUILD_DIR}/${FRAMEWORKS_FOLDER_PATH}/SwiftKeychainWrapper.framework",
				"${TARGET_BUILD_DIR}/${FRAMEWORKS_FOLDER_PATH}/leveldb.framework",
				"${TARGET_BUILD_DIR}/${FRAMEWORKS_FOLDER_PATH}/nanopb.framework",
			);
			runOnlyForDeploymentPostprocessing = 0;
			shellPath = /bin/sh;
			shellScript = "\"${SRCROOT}/Pods/Target Support Files/Pods-FooPls/Pods-FooPls-frameworks.sh\"\n";
			showEnvVarsInLog = 0;
		};
/* End PBXShellScriptBuildPhase section */

/* Begin PBXSourcesBuildPhase section */
		CE0A7EFC1FCE8EDA009C884F /* Sources */ = {
			isa = PBXSourcesBuildPhase;
			buildActionMask = 2147483647;
			files = (
				230ED26C1FD931C80054914A /* CustomTextField.swift in Sources */,
				62F1B7331FDFCC0D0084D68F /* Ih_AllPostsData.swift in Sources */,
				CE1E93F41FCFF2110059775A /* Model.swift in Sources */,
				CEB8997A1FD9C4A800BFFF3B /* PostCell.swift in Sources */,
				FCF45A2C1FD936AD00D99E85 /* SK_AutoSearchViewController.swift in Sources */,
				231F59CD1FDAC2EA00580D69 /* RAMBadge.swift in Sources */,
				62E1FF5A1FD924BF00E1FEAE /* Ih_MapVC.swift in Sources */,
				CEB899811FD9C53600BFFF3B /* CalendarVCExtension.swift in Sources */,
				FCDCFB7E1FD525AF00B993C9 /* SK_GoogleMapMainVC.swift in Sources */,
				233773DC1FD69715006C28F0 /* CalendarCell.swift in Sources */,
				62E1FF5D1FD924BF00E1FEAE /* Ih_PostModel.swift in Sources */,
				232D49FC1FDE704F0094DA1A /* MyPostingCell.swift in Sources */,
				CEEEFD491FCFB388009CD1D9 /* Extension.swift in Sources */,
				62E1FF5B1FD924BF00E1FEAE /* Ih_UserModel.swift in Sources */,
				231EC1B31FD5155800A0DD19 /* CustomButton.swift in Sources */,
				62E1FF5C1FD924BF00E1FEAE /* Ih_LocationModel.swift in Sources */,
				CE9D36F31FCE92ED00E3713D /* LoginViewController.swift in Sources */,
				231F59D31FDAC2EA00580D69 /* RAMBounceAnimation.swift in Sources */,
				62E1FF591FD924BF00E1FEAE /* Ih_DetailInfoVC.swift in Sources */,
				CE0A7F061FCE8EDA009C884F /* SignUpViewController.swift in Sources */,
				62E1FF561FD924BF00E1FEAE /* MainCollectionView.swift in Sources */,
				CE0A7F041FCE8EDA009C884F /* AppDelegate.swift in Sources */,
				231F59D11FDAC2EA00580D69 /* RAMTransitionItemAnimations.swift in Sources */,
				62E1FF551FD924BF00E1FEAE /* CustomCell.swift in Sources */,
				FCF45A2E1FD96B7C00D99E85 /* SK_PostDataModel.swift in Sources */,
				FCDCFB841FD68AB000B993C9 /* SK_MainViewController.swift in Sources */,
				FC34D5631FD7D4DD00561433 /* SK_PostViewController.swift in Sources */,
				231F59CE1FDAC2EA00580D69 /* RAMItemAnimationProtocol.swift in Sources */,
				62E1FF581FD924BF00E1FEAE /* Ih_PostVC.swift in Sources */,
				FCDCFB861FD691FF00B993C9 /* SK_DetailViewController.swift in Sources */,
				231F59CF1FDAC2EA00580D69 /* RAMFumeAnimation.swift in Sources */,
				FCDCFB8B1FD696AD00B993C9 /* SK_CollectionViewCell.swift in Sources */,
				62F1B7411FDFFEFA0084D68F /* SlideOut.swift in Sources */,
				233773E21FD6D908006C28F0 /* NewWriteViewController.swift in Sources */,
				232D49F41FDE3FE50094DA1A /* TJProfileViewController.swift in Sources */,
				231F59D21FDAC2EA00580D69 /* RAMRotationAnimation.swift in Sources */,
				232D49F81FDE4C8F0094DA1A /* TJTempViewController.swift in Sources */,
				231F59CC1FDAC2EA00580D69 /* RAMAnimatedTabBarController.swift in Sources */,
				234302EA1FD63BB200501C46 /* CalendarViewController.swift in Sources */,
				231F59D01FDAC2EA00580D69 /* RAMFrameItemAnimation.swift in Sources */,
				2328AB8C1FCE9FFC004B75C0 /* SplashViewController.swift in Sources */,
				FCDCFB801FD525AF00B993C9 /* SK_FirebaseInputVC.swift in Sources */,
				62F1B7371FDFE13B0084D68F /* DetailPageCell.swift in Sources */,
				232D49F61FDE40950094DA1A /* MenuCell.swift in Sources */,
				62F1B7351FDFE0CA0084D68F /* DetailPageView.swift in Sources */,
				62E1FF5E1FD924BF00E1FEAE /* Ih_DataCenter.swift in Sources */,
				FCDCFB7F1FD525AF00B993C9 /* SK_MapDataCenter.swift in Sources */,
				CEB8997D1FD9C4A800BFFF3B /* PopView.swift in Sources */,
				23E6F40B1FD5C50300543A84 /* FooPlsView.swift in Sources */,
				CEB8997B1FD9C4A800BFFF3B /* EmptyCell.swift in Sources */,
			);
			runOnlyForDeploymentPostprocessing = 0;
		};
/* End PBXSourcesBuildPhase section */

/* Begin PBXVariantGroup section */
		62E1FF401FD924BF00E1FEAE /* Ih_Main.storyboard */ = {
			isa = PBXVariantGroup;
			children = (
				62E1FF411FD924BF00E1FEAE /* Base */,
			);
			name = Ih_Main.storyboard;
			sourceTree = "<group>";
		};
		62E1FF461FD924BF00E1FEAE /* LaunchScreen.storyboard */ = {
			isa = PBXVariantGroup;
			children = (
				62E1FF471FD924BF00E1FEAE /* Base */,
			);
			name = LaunchScreen.storyboard;
			sourceTree = "<group>";
		};
		CE0A7F0C1FCE8EDA009C884F /* LaunchScreen.storyboard */ = {
			isa = PBXVariantGroup;
			children = (
				CE0A7F0D1FCE8EDA009C884F /* Base */,
			);
			name = LaunchScreen.storyboard;
			sourceTree = "<group>";
		};
/* End PBXVariantGroup section */

/* Begin XCBuildConfiguration section */
		CE0A7F101FCE8EDA009C884F /* Debug */ = {
			isa = XCBuildConfiguration;
			buildSettings = {
				ALWAYS_SEARCH_USER_PATHS = NO;
				CLANG_ANALYZER_NONNULL = YES;
				CLANG_ANALYZER_NUMBER_OBJECT_CONVERSION = YES_AGGRESSIVE;
				CLANG_CXX_LANGUAGE_STANDARD = "gnu++14";
				CLANG_CXX_LIBRARY = "libc++";
				CLANG_ENABLE_MODULES = YES;
				CLANG_ENABLE_OBJC_ARC = YES;
				CLANG_WARN_BLOCK_CAPTURE_AUTORELEASING = YES;
				CLANG_WARN_BOOL_CONVERSION = YES;
				CLANG_WARN_COMMA = YES;
				CLANG_WARN_CONSTANT_CONVERSION = YES;
				CLANG_WARN_DIRECT_OBJC_ISA_USAGE = YES_ERROR;
				CLANG_WARN_DOCUMENTATION_COMMENTS = YES;
				CLANG_WARN_EMPTY_BODY = YES;
				CLANG_WARN_ENUM_CONVERSION = YES;
				CLANG_WARN_INFINITE_RECURSION = YES;
				CLANG_WARN_INT_CONVERSION = YES;
				CLANG_WARN_NON_LITERAL_NULL_CONVERSION = YES;
				CLANG_WARN_OBJC_LITERAL_CONVERSION = YES;
				CLANG_WARN_OBJC_ROOT_CLASS = YES_ERROR;
				CLANG_WARN_RANGE_LOOP_ANALYSIS = YES;
				CLANG_WARN_STRICT_PROTOTYPES = YES;
				CLANG_WARN_SUSPICIOUS_MOVE = YES;
				CLANG_WARN_UNGUARDED_AVAILABILITY = YES_AGGRESSIVE;
				CLANG_WARN_UNREACHABLE_CODE = YES;
				CLANG_WARN__DUPLICATE_METHOD_MATCH = YES;
				CODE_SIGN_IDENTITY = "iPhone Developer";
				COPY_PHASE_STRIP = NO;
				DEBUG_INFORMATION_FORMAT = dwarf;
				ENABLE_STRICT_OBJC_MSGSEND = YES;
				ENABLE_TESTABILITY = YES;
				GCC_C_LANGUAGE_STANDARD = gnu11;
				GCC_DYNAMIC_NO_PIC = NO;
				GCC_NO_COMMON_BLOCKS = YES;
				GCC_OPTIMIZATION_LEVEL = 0;
				GCC_PREPROCESSOR_DEFINITIONS = (
					"DEBUG=1",
					"$(inherited)",
				);
				GCC_WARN_64_TO_32_BIT_CONVERSION = YES;
				GCC_WARN_ABOUT_RETURN_TYPE = YES_ERROR;
				GCC_WARN_UNDECLARED_SELECTOR = YES;
				GCC_WARN_UNINITIALIZED_AUTOS = YES_AGGRESSIVE;
				GCC_WARN_UNUSED_FUNCTION = YES;
				GCC_WARN_UNUSED_VARIABLE = YES;
				IPHONEOS_DEPLOYMENT_TARGET = 11.1;
				MTL_ENABLE_DEBUG_INFO = YES;
				ONLY_ACTIVE_ARCH = YES;
				OTHER_SWIFT_FLAGS = "";
				SDKROOT = iphoneos;
				SWIFT_ACTIVE_COMPILATION_CONDITIONS = DEBUG;
				SWIFT_OPTIMIZATION_LEVEL = "-Onone";
			};
			name = Debug;
		};
		CE0A7F111FCE8EDA009C884F /* Release */ = {
			isa = XCBuildConfiguration;
			buildSettings = {
				ALWAYS_SEARCH_USER_PATHS = NO;
				CLANG_ANALYZER_NONNULL = YES;
				CLANG_ANALYZER_NUMBER_OBJECT_CONVERSION = YES_AGGRESSIVE;
				CLANG_CXX_LANGUAGE_STANDARD = "gnu++14";
				CLANG_CXX_LIBRARY = "libc++";
				CLANG_ENABLE_MODULES = YES;
				CLANG_ENABLE_OBJC_ARC = YES;
				CLANG_WARN_BLOCK_CAPTURE_AUTORELEASING = YES;
				CLANG_WARN_BOOL_CONVERSION = YES;
				CLANG_WARN_COMMA = YES;
				CLANG_WARN_CONSTANT_CONVERSION = YES;
				CLANG_WARN_DIRECT_OBJC_ISA_USAGE = YES_ERROR;
				CLANG_WARN_DOCUMENTATION_COMMENTS = YES;
				CLANG_WARN_EMPTY_BODY = YES;
				CLANG_WARN_ENUM_CONVERSION = YES;
				CLANG_WARN_INFINITE_RECURSION = YES;
				CLANG_WARN_INT_CONVERSION = YES;
				CLANG_WARN_NON_LITERAL_NULL_CONVERSION = YES;
				CLANG_WARN_OBJC_LITERAL_CONVERSION = YES;
				CLANG_WARN_OBJC_ROOT_CLASS = YES_ERROR;
				CLANG_WARN_RANGE_LOOP_ANALYSIS = YES;
				CLANG_WARN_STRICT_PROTOTYPES = YES;
				CLANG_WARN_SUSPICIOUS_MOVE = YES;
				CLANG_WARN_UNGUARDED_AVAILABILITY = YES_AGGRESSIVE;
				CLANG_WARN_UNREACHABLE_CODE = YES;
				CLANG_WARN__DUPLICATE_METHOD_MATCH = YES;
				CODE_SIGN_IDENTITY = "iPhone Developer";
				COPY_PHASE_STRIP = NO;
				DEBUG_INFORMATION_FORMAT = "dwarf-with-dsym";
				ENABLE_NS_ASSERTIONS = NO;
				ENABLE_STRICT_OBJC_MSGSEND = YES;
				GCC_C_LANGUAGE_STANDARD = gnu11;
				GCC_NO_COMMON_BLOCKS = YES;
				GCC_WARN_64_TO_32_BIT_CONVERSION = YES;
				GCC_WARN_ABOUT_RETURN_TYPE = YES_ERROR;
				GCC_WARN_UNDECLARED_SELECTOR = YES;
				GCC_WARN_UNINITIALIZED_AUTOS = YES_AGGRESSIVE;
				GCC_WARN_UNUSED_FUNCTION = YES;
				GCC_WARN_UNUSED_VARIABLE = YES;
				IPHONEOS_DEPLOYMENT_TARGET = 11.1;
				MTL_ENABLE_DEBUG_INFO = NO;
				SDKROOT = iphoneos;
				SWIFT_OPTIMIZATION_LEVEL = "-Owholemodule";
				VALIDATE_PRODUCT = YES;
			};
			name = Release;
		};
		CE0A7F131FCE8EDA009C884F /* Debug */ = {
			isa = XCBuildConfiguration;
			baseConfigurationReference = 647ABC3419EA261130400E38 /* Pods-FooPls.debug.xcconfig */;
			buildSettings = {
				ASSETCATALOG_COMPILER_APPICON_NAME = AppIcon;
				CODE_SIGN_STYLE = Automatic;
				DEVELOPMENT_TEAM = G4MM77V7NH;
				FRAMEWORK_SEARCH_PATHS = (
					"$(inherited)",
					"$(PROJECT_DIR)/Pods/KakaoOpenSDK",
				);
				INFOPLIST_FILE = "$(SRCROOT)/FooPls/Resource/Info.plist";
				IPHONEOS_DEPLOYMENT_TARGET = 10.0;
				LD_RUNPATH_SEARCH_PATHS = "$(inherited) @executable_path/Frameworks";
				PRODUCT_BUNDLE_IDENTIFIER = com.FooPls;
				PRODUCT_NAME = "$(TARGET_NAME)";
				SWIFT_OBJC_BRIDGING_HEADER = "FooPls/Resource/Bridging-Header.h";
				SWIFT_VERSION = 4.0;
				TARGETED_DEVICE_FAMILY = 1;
			};
			name = Debug;
		};
		CE0A7F141FCE8EDA009C884F /* Release */ = {
			isa = XCBuildConfiguration;
			baseConfigurationReference = 11C4E457AA252E7421C235A3 /* Pods-FooPls.release.xcconfig */;
			buildSettings = {
				ASSETCATALOG_COMPILER_APPICON_NAME = AppIcon;
				CODE_SIGN_STYLE = Automatic;
				DEVELOPMENT_TEAM = G4MM77V7NH;
				FRAMEWORK_SEARCH_PATHS = (
					"$(inherited)",
					"$(PROJECT_DIR)/Pods/KakaoOpenSDK",
				);
				INFOPLIST_FILE = "$(SRCROOT)/FooPls/Resource/Info.plist";
				IPHONEOS_DEPLOYMENT_TARGET = 10.0;
				LD_RUNPATH_SEARCH_PATHS = "$(inherited) @executable_path/Frameworks";
				PRODUCT_BUNDLE_IDENTIFIER = com.FooPls;
				PRODUCT_NAME = "$(TARGET_NAME)";
				SWIFT_OBJC_BRIDGING_HEADER = "FooPls/Resource/Bridging-Header.h";
				SWIFT_VERSION = 4.0;
				TARGETED_DEVICE_FAMILY = 1;
			};
			name = Release;
		};
/* End XCBuildConfiguration section */

/* Begin XCConfigurationList section */
		CE0A7EFB1FCE8EDA009C884F /* Build configuration list for PBXProject "FooPls" */ = {
			isa = XCConfigurationList;
			buildConfigurations = (
				CE0A7F101FCE8EDA009C884F /* Debug */,
				CE0A7F111FCE8EDA009C884F /* Release */,
			);
			defaultConfigurationIsVisible = 0;
			defaultConfigurationName = Release;
		};
		CE0A7F121FCE8EDA009C884F /* Build configuration list for PBXNativeTarget "FooPls" */ = {
			isa = XCConfigurationList;
			buildConfigurations = (
				CE0A7F131FCE8EDA009C884F /* Debug */,
				CE0A7F141FCE8EDA009C884F /* Release */,
			);
			defaultConfigurationIsVisible = 0;
			defaultConfigurationName = Release;
		};
/* End XCConfigurationList section */
	};
	rootObject = CE0A7EF81FCE8EDA009C884F /* Project object */;
}
