PODS:
  - Bolts (1.9.0):
    - Bolts/AppLinks (= 1.9.0)
    - Bolts/Tasks (= 1.9.0)
  - Bolts/AppLinks (1.9.0):
    - Bolts/Tasks
  - Bolts/Tasks (1.9.0)
  - FacebookCore (0.3.1):
    - Bolts (~> 1.8)
    - FBSDKCoreKit (~> 4.33)
  - FacebookLogin (0.3.1):
    - Bolts (~> 1.8)
    - FacebookCore (~> 0.3.1)
    - FBSDKCoreKit (~> 4.33)
    - FBSDKLoginKit (~> 4.33)
  - FBSDKCoreKit (4.34.0):
    - Bolts (~> 1.7)
  - FBSDKLoginKit (4.34.0):
    - FBSDKCoreKit
  - Firebase (5.2.0):
    - Firebase/Core (= 5.2.0)
  - Firebase/Auth (5.2.0):
    - Firebase/CoreOnly
    - FirebaseAuth (= 5.0.1)
  - Firebase/Core (5.2.0):
    - Firebase/CoreOnly
    - FirebaseAnalytics (= 5.0.1)
  - Firebase/CoreOnly (5.2.0):
    - FirebaseCore (= 5.0.3)
  - Firebase/Database (5.2.0):
    - Firebase/CoreOnly
    - FirebaseDatabase (= 5.0.1)
  - Firebase/Storage (5.2.0):
    - Firebase/CoreOnly
    - FirebaseStorage (= 3.0.0)
  - FirebaseAnalytics (5.0.1):
    - FirebaseCore (~> 5.0)
    - FirebaseInstanceID (~> 3.0)
    - "GoogleToolboxForMac/NSData+zlib (~> 2.1)"
    - nanopb (~> 0.3)
  - FirebaseAuth (5.0.1):
    - FirebaseCore (~> 5.0)
    - GTMSessionFetcher/Core (~> 1.1)
  - FirebaseCore (5.0.3):
    - "GoogleToolboxForMac/NSData+zlib (~> 2.1)"
  - FirebaseDatabase (5.0.1):
    - FirebaseCore (~> 5.0)
    - leveldb-library (~> 1.18)
  - FirebaseInstanceID (3.1.0):
    - FirebaseCore (~> 5.0)
  - FirebaseStorage (3.0.0):
    - FirebaseCore (~> 5.0)
    - GTMSessionFetcher/Core (~> 1.1)
  - FirebaseUI/Storage (5.0.1):
    - Firebase/Storage (~> 5.0)
    - SDWebImage (~> 4.0)
  - GoogleMaps (2.7.0):
    - GoogleMaps/Maps (= 2.7.0)
  - GoogleMaps/Base (2.7.0)
  - GoogleMaps/Maps (2.7.0):
    - GoogleMaps/Base
  - GooglePlacePicker (2.7.0):
    - GoogleMaps (= 2.7.0)
    - GooglePlaces (= 2.7.0)
  - GooglePlaces (2.7.0):
    - GoogleMaps/Base (= 2.7.0)
  - GoogleToolboxForMac/Defines (2.1.4)
  - "GoogleToolboxForMac/NSData+zlib (2.1.4)":
    - GoogleToolboxForMac/Defines (= 2.1.4)
  - GTMSessionFetcher/Core (1.1.15)
  - hkGraddiant (1.0.0)
  - JTAppleCalendar (7.1.5)
  - KakaoOpenSDK/KakaoOpenSDK (1.8.2)
  - Kingfisher (4.8.0)
  - leveldb-library (1.20)
  - nanopb (0.3.8):
    - nanopb/decode (= 0.3.8)
    - nanopb/encode (= 0.3.8)
  - nanopb/decode (0.3.8)
  - nanopb/encode (0.3.8)
  - PagingKit (1.1.0)
  - PKHUD (5.0.0)
  - RAMAnimatedTabBarController (3.2.0)
  - SDWebImage (4.4.1):
    - SDWebImage/Core (= 4.4.1)
  - SDWebImage/Core (4.4.1)
  - SnapKit (4.0.0)
  - SwiftKeychainWrapper (3.0.1)

DEPENDENCIES:
  - FacebookCore
  - FacebookLogin
  - Firebase
  - Firebase/Auth
  - Firebase/Core
  - Firebase/Database
  - Firebase/Storage
  - FirebaseUI/Storage
  - GoogleMaps
  - GooglePlacePicker
  - GooglePlaces
  - hkGraddiant
  - JTAppleCalendar
  - KakaoOpenSDK/KakaoOpenSDK
  - Kingfisher
  - PagingKit (= 1.1.0)
  - PKHUD (~> 5.0)
  - RAMAnimatedTabBarController
  - SDWebImage
  - SnapKit (~> 4.0.0)
  - SwiftKeychainWrapper

SPEC REPOS:
  https://github.com/cocoapods/specs.git:
    - Bolts
    - FacebookCore
    - FacebookLogin
    - FBSDKCoreKit
    - FBSDKLoginKit
    - Firebase
    - FirebaseAnalytics
    - FirebaseAuth
    - FirebaseCore
    - FirebaseDatabase
    - FirebaseInstanceID
    - FirebaseStorage
    - FirebaseUI
    - GoogleMaps
    - GooglePlacePicker
    - GooglePlaces
    - GoogleToolboxForMac
    - GTMSessionFetcher
    - hkGraddiant
    - JTAppleCalendar
    - KakaoOpenSDK
    - Kingfisher
    - leveldb-library
    - nanopb
    - PagingKit
    - PKHUD
    - RAMAnimatedTabBarController
    - SDWebImage
    - SnapKit
    - SwiftKeychainWrapper

SPEC CHECKSUMS:
  Bolts: ac6567323eac61e203f6a9763667d0f711be34c8
  FacebookCore: 33078ef1d7d76b73f7e8c990dca7d3ea6db8d22f
  FacebookLogin: 6f15bf4fefd7a8865abbfa8fcd7f3dfd87aa275f
  FBSDKCoreKit: 0ff57f093b85c8c9d5aba697d3edf68a8960ce78
  FBSDKLoginKit: 8c78f57a145afb756e4755e69195ebe08a42466e
  Firebase: 25ed0412036d7d008568d1fb4d2e9d81ea8a0a2c
  FirebaseAnalytics: b3628aea54c50464c32c393fb2ea032566e7ecc2
  FirebaseAuth: 463b8ce33bd5d05f706dcd4615499e3212b4132b
  FirebaseCore: a3c87242451633fff8490183898075ce77d168d2
  FirebaseDatabase: 482bad9c2abd422bb2321194fb8c937e67426a89
  FirebaseInstanceID: 05d779cbb97bd5bd5c51a38a903fc9cfe1b2454a
  FirebaseStorage: 7ca4bb7b58a25fa647b04f524033fc7cb7eb272b
  FirebaseUI: 5d97d3d5d6a019fc960eb573ea6ce9fb8c310669
  GoogleMaps: f79af95cb24d869457b1f961c93d3ce8b2f3b848
  GooglePlacePicker: 59ea44db173c58486ad6123993e81feefcbce9c3
  GooglePlaces: 3d06e6c99654545b4738ce49648745779c25f2ef
  GoogleToolboxForMac: 91c824d21e85b31c2aae9bb011c5027c9b4e738f
  GTMSessionFetcher: 5fa5b80fd20e439ef5f545fb2cb3ca6c6714caa2
  hkGraddiant: a2b58a4a1ae75444342e0a98881703aa75b87d46
  JTAppleCalendar: 2d4f974f9f3c8b4964d51ca1f6e004883c031fbe
  KakaoOpenSDK: c09b1291ef293e2ef3faced8ca14b1d1c077bd96
  Kingfisher: 976d828df2b24834c6a3f2fc4d82cdbd26552be1
  leveldb-library: 08cba283675b7ed2d99629a4bc5fd052cd2bb6a5
  nanopb: 5601e6bca2dbf1ed831b519092ec110f66982ca3
  PagingKit: 72a8a05c8bd23811c0ab6055360d941ff17a61f9
  PKHUD: 3c001512c6e002091184197a8de7a20420786e3b
  RAMAnimatedTabBarController: 0499157f67053a21bcccb52a25dd3c6ecdbfb4f6
  SDWebImage: 47e9b5b925cbce75946c23f0c42dd19464189af4
  SnapKit: a42d492c16e80209130a3379f73596c3454b7694
  SwiftKeychainWrapper: 38952a3636320ae61bad3513cadd870929de7a4a

PODFILE CHECKSUM: 0c792d9db4ada5aa79564d6ef25537ef7fcf52d6

COCOAPODS: 1.5.3
